
Microsoft Visual Studio Solution File, Format Version 12.00
# Visual Studio Version 17
VisualStudioVersion = 17.6.33829.357
MinimumVisualStudioVersion = 10.0.40219.1
Project("{FAE04EC0-301F-11D3-BF4B-00C04F79EFBC}") = "WatchList", "WatchList\WatchList.csproj", "{3F250ED2-0705-400F-9D7F-63E6A42DA3DB}"
EndProject
Global
	GlobalSection(SolutionConfigurationPlatforms) = preSolution
		Debug|Any CPU = Debug|Any CPU
		Release|Any CPU = Release|Any CPU
	EndGlobalSection
	GlobalSection(ProjectConfigurationPlatforms) = postSolution
		{3F250ED2-0705-400F-9D7F-63E6A42DA3DB}.Debug|Any CPU.ActiveCfg = Debug|Any CPU
		{3F250ED2-0705-400F-9D7F-63E6A42DA3DB}.Debug|Any CPU.Build.0 = Debug|Any CPU
		{3F250ED2-0705-400F-9D7F-63E6A42DA3DB}.Release|Any CPU.ActiveCfg = Release|Any CPU
		{3F250ED2-0705-400F-9D7F-63E6A42DA3DB}.Release|Any CPU.Build.0 = Release|Any CPU
	EndGlobalSection
	GlobalSection(SolutionProperties) = preSolution
		HideSolutionNode = FALSE
	EndGlobalSection
	GlobalSection(ExtensibilityGlobals) = postSolution
		SolutionGuid = {36222769-F5EF-4ECC-BF14-6C6E517A4466}
	EndGlobalSection
EndGlobal
